
Microsoft Visual Studio Solution File, Format Version 12.00
# Visual Studio 2012
Project("{FAE04EC0-301F-11D3-BF4B-00C04F79EFBC}") = "UPSTimeInTransit", "UPSTimeInTransit.csproj", "{EC21B003-12A8-4453-889E-C2587E2EF414}"
EndProject
Project("{FAE04EC0-301F-11D3-BF4B-00C04F79EFBC}") = "ConsoleSampleProject", "ConsoleSampleProject\ConsoleSampleProject.csproj", "{7783F532-5000-4FFC-906B-C5A725E9C89F}"
EndProject
Global
	GlobalSection(SolutionConfigurationPlatforms) = preSolution
		Debug|Any CPU = Debug|Any CPU
		Release|Any CPU = Release|Any CPU
	EndGlobalSection
	GlobalSection(ProjectConfigurationPlatforms) = postSolution
		{EC21B003-12A8-4453-889E-C2587E2EF414}.Debug|Any CPU.ActiveCfg = Debug|Any CPU
		{EC21B003-12A8-4453-889E-C2587E2EF414}.Debug|Any CPU.Build.0 = Debug|Any CPU
		{EC21B003-12A8-4453-889E-C2587E2EF414}.Release|Any CPU.ActiveCfg = Release|Any CPU
		{EC21B003-12A8-4453-889E-C2587E2EF414}.Release|Any CPU.Build.0 = Release|Any CPU
		{7783F532-5000-4FFC-906B-C5A725E9C89F}.Debug|Any CPU.ActiveCfg = Debug|Any CPU
		{7783F532-5000-4FFC-906B-C5A725E9C89F}.Debug|Any CPU.Build.0 = Debug|Any CPU
		{7783F532-5000-4FFC-906B-C5A725E9C89F}.Release|Any CPU.ActiveCfg = Release|Any CPU
		{7783F532-5000-4FFC-906B-C5A725E9C89F}.Release|Any CPU.Build.0 = Release|Any CPU
	EndGlobalSection
	GlobalSection(SolutionProperties) = preSolution
		HideSolutionNode = FALSE
	EndGlobalSection
EndGlobal
