
Microsoft Visual Studio Solution File, Format Version 12.00
# Visual Studio 2012
Project("{FAE04EC0-301F-11D3-BF4B-00C04F79EFBC}") = "ShippingTrackingUtilities", "ShippingTrackingUtilies\ShippingTrackingUtilities.csproj", "{A92C4CB9-98C6-4D7B-BA61-03E000C70AC1}"
EndProject
Project("{FAE04EC0-301F-11D3-BF4B-00C04F79EFBC}") = "ConsoleApp", "ConsoleApp\ConsoleApp.csproj", "{CC5E016F-AA54-4E54-853F-3467A5EADB26}"
EndProject
Global
	GlobalSection(SolutionConfigurationPlatforms) = preSolution
		Debug|Any CPU = Debug|Any CPU
		Release|Any CPU = Release|Any CPU
	EndGlobalSection
	GlobalSection(ProjectConfigurationPlatforms) = postSolution
		{A92C4CB9-98C6-4D7B-BA61-03E000C70AC1}.Debug|Any CPU.ActiveCfg = Debug|Any CPU
		{A92C4CB9-98C6-4D7B-BA61-03E000C70AC1}.Debug|Any CPU.Build.0 = Debug|Any CPU
		{A92C4CB9-98C6-4D7B-BA61-03E000C70AC1}.Release|Any CPU.ActiveCfg = Release|Any CPU
		{A92C4CB9-98C6-4D7B-BA61-03E000C70AC1}.Release|Any CPU.Build.0 = Release|Any CPU
		{CC5E016F-AA54-4E54-853F-3467A5EADB26}.Debug|Any CPU.ActiveCfg = Debug|Any CPU
		{CC5E016F-AA54-4E54-853F-3467A5EADB26}.Debug|Any CPU.Build.0 = Debug|Any CPU
		{CC5E016F-AA54-4E54-853F-3467A5EADB26}.Release|Any CPU.ActiveCfg = Release|Any CPU
		{CC5E016F-AA54-4E54-853F-3467A5EADB26}.Release|Any CPU.Build.0 = Release|Any CPU
	EndGlobalSection
	GlobalSection(SolutionProperties) = preSolution
		HideSolutionNode = FALSE
	EndGlobalSection
EndGlobal
